// !$*UTF8*$!
{
	archiveVersion = 1;
	classes = {
	};
	objectVersion = 46;
	objects = {

/* Begin PBXBuildFile section */
		6926A0101DB5BC6F006E20B2 /* main.m in Sources */ = {isa = PBXBuildFile; fileRef = 6926A00F1DB5BC6F006E20B2 /* main.m */; };
		6926A0131DB5BC6F006E20B2 /* AppDelegate.m in Sources */ = {isa = PBXBuildFile; fileRef = 6926A0121DB5BC6F006E20B2 /* AppDelegate.m */; };
		6926A0161DB5BC6F006E20B2 /* ViewController.m in Sources */ = {isa = PBXBuildFile; fileRef = 6926A0151DB5BC6F006E20B2 /* ViewController.m */; };
		6926A0191DB5BC6F006E20B2 /* Main.storyboard in Resources */ = {isa = PBXBuildFile; fileRef = 6926A0171DB5BC6F006E20B2 /* Main.storyboard */; };
		6926A01B1DB5BC6F006E20B2 /* Assets.xcassets in Resources */ = {isa = PBXBuildFile; fileRef = 6926A01A1DB5BC6F006E20B2 /* Assets.xcassets */; };
		6926A01E1DB5BC6F006E20B2 /* LaunchScreen.storyboard in Resources */ = {isa = PBXBuildFile; fileRef = 6926A01C1DB5BC6F006E20B2 /* LaunchScreen.storyboard */; };
		6926A02D1DB5F121006E20B2 /* LWMediator.m in Sources */ = {isa = PBXBuildFile; fileRef = 6926A02A1DB5F121006E20B2 /* LWMediator.m */; };
		6926A0301DB5FD80006E20B2 /* LWProtocolManager.m in Sources */ = {isa = PBXBuildFile; fileRef = 6926A02F1DB5FD80006E20B2 /* LWProtocolManager.m */; };
		69D8BCB01DB608B6002C6D77 /* LWMediator+ModuleA.m in Sources */ = {isa = PBXBuildFile; fileRef = 69D8BCAF1DB608B6002C6D77 /* LWMediator+ModuleA.m */; };
		69D8BCB41DB60B3C002C6D77 /* ModuleA1ViewController.m in Sources */ = {isa = PBXBuildFile; fileRef = 69D8BCB21DB60B3C002C6D77 /* ModuleA1ViewController.m */; };
		69D8BCB51DB60B3C002C6D77 /* ModuleA1ViewController.xib in Resources */ = {isa = PBXBuildFile; fileRef = 69D8BCB31DB60B3C002C6D77 /* ModuleA1ViewController.xib */; };
		69D8BCB91DB60B4B002C6D77 /* ModuleB1ViewController.m in Sources */ = {isa = PBXBuildFile; fileRef = 69D8BCB71DB60B4B002C6D77 /* ModuleB1ViewController.m */; };
		69D8BCBA1DB60B4B002C6D77 /* ModuleB1ViewController.xib in Resources */ = {isa = PBXBuildFile; fileRef = 69D8BCB81DB60B4B002C6D77 /* ModuleB1ViewController.xib */; };
		69D8BCBF1DB611FD002C6D77 /* LWMediator+ModuleB.m in Sources */ = {isa = PBXBuildFile; fileRef = 69D8BCBE1DB611FD002C6D77 /* LWMediator+ModuleB.m */; };
		69D8BCC31DB759A7002C6D77 /* LWAppDelegate.m in Sources */ = {isa = PBXBuildFile; fileRef = 69D8BCC21DB759A7002C6D77 /* LWAppDelegate.m */; };
		69D8BCC61DB75C77002C6D77 /* LWNotificationService.m in Sources */ = {isa = PBXBuildFile; fileRef = 69D8BCC51DB75C77002C6D77 /* LWNotificationService.m */; };
		69D8BCC91DB76483002C6D77 /* LWRootViewService.m in Sources */ = {isa = PBXBuildFile; fileRef = 69D8BCC81DB76483002C6D77 /* LWRootViewService.m */; };
		69D8BCCD1DBDFA15002C6D77 /* BeeHiveAppDelegate.m in Sources */ = {isa = PBXBuildFile; fileRef = 69D8BCCC1DBDFA15002C6D77 /* BeeHiveAppDelegate.m */; };
		69D8BCD41DBDFF27002C6D77 /* RootViewController.m in Sources */ = {isa = PBXBuildFile; fileRef = 69D8BCD21DBDFF27002C6D77 /* RootViewController.m */; };
		69D8BCD51DBDFF27002C6D77 /* RootViewController.xib in Resources */ = {isa = PBXBuildFile; fileRef = 69D8BCD31DBDFF27002C6D77 /* RootViewController.xib */; };
		69D8BCD81DBE0079002C6D77 /* RootModule.m in Sources */ = {isa = PBXBuildFile; fileRef = 69D8BCD71DBE0079002C6D77 /* RootModule.m */; };
		E83892AECBCCB5B7445594C3 /* libPods-LWModuleDemo.a in Frameworks */ = {isa = PBXBuildFile; fileRef = 43E5BA24D42D809DAB3EA1C2 /* libPods-LWModuleDemo.a */; };
/* End PBXBuildFile section */

/* Begin PBXFileReference section */
		43E5BA24D42D809DAB3EA1C2 /* libPods-LWModuleDemo.a */ = {isa = PBXFileReference; explicitFileType = archive.ar; includeInIndex = 0; path = "libPods-LWModuleDemo.a"; sourceTree = BUILT_PRODUCTS_DIR; };
		6926A00B1DB5BC6F006E20B2 /* LWModuleDemo.app */ = {isa = PBXFileReference; explicitFileType = wrapper.application; includeInIndex = 0; path = LWModuleDemo.app; sourceTree = BUILT_PRODUCTS_DIR; };
		6926A00F1DB5BC6F006E20B2 /* main.m */ = {isa = PBXFileReference; lastKnownFileType = sourcecode.c.objc; path = main.m; sourceTree = "<group>"; };
		6926A0111DB5BC6F006E20B2 /* AppDelegate.h */ = {isa = PBXFileReference; lastKnownFileType = sourcecode.c.h; path = AppDelegate.h; sourceTree = "<group>"; };
		6926A0121DB5BC6F006E20B2 /* AppDelegate.m */ = {isa = PBXFileReference; lastKnownFileType = sourcecode.c.objc; path = AppDelegate.m; sourceTree = "<group>"; };
		6926A0141DB5BC6F006E20B2 /* ViewController.h */ = {isa = PBXFileReference; lastKnownFileType = sourcecode.c.h; path = ViewController.h; sourceTree = "<group>"; };
		6926A0151DB5BC6F006E20B2 /* ViewController.m */ = {isa = PBXFileReference; lastKnownFileType = sourcecode.c.objc; path = ViewController.m; sourceTree = "<group>"; };
		6926A0181DB5BC6F006E20B2 /* Base */ = {isa = PBXFileReference; lastKnownFileType = file.storyboard; name = Base; path = Base.lproj/Main.storyboard; sourceTree = "<group>"; };
		6926A01A1DB5BC6F006E20B2 /* Assets.xcassets */ = {isa = PBXFileReference; lastKnownFileType = folder.assetcatalog; path = Assets.xcassets; sourceTree = "<group>"; };
		6926A01D1DB5BC6F006E20B2 /* Base */ = {isa = PBXFileReference; lastKnownFileType = file.storyboard; name = Base; path = Base.lproj/LaunchScreen.storyboard; sourceTree = "<group>"; };
		6926A01F1DB5BC6F006E20B2 /* Info.plist */ = {isa = PBXFileReference; lastKnownFileType = text.plist.xml; path = Info.plist; sourceTree = "<group>"; };
		6926A0291DB5F121006E20B2 /* LWMediator.h */ = {isa = PBXFileReference; fileEncoding = 4; lastKnownFileType = sourcecode.c.h; path = LWMediator.h; sourceTree = "<group>"; };
		6926A02A1DB5F121006E20B2 /* LWMediator.m */ = {isa = PBXFileReference; fileEncoding = 4; lastKnownFileType = sourcecode.c.objc; path = LWMediator.m; sourceTree = "<group>"; };
		6926A02E1DB5FD80006E20B2 /* LWProtocolManager.h */ = {isa = PBXFileReference; fileEncoding = 4; lastKnownFileType = sourcecode.c.h; path = LWProtocolManager.h; sourceTree = "<group>"; };
		6926A02F1DB5FD80006E20B2 /* LWProtocolManager.m */ = {isa = PBXFileReference; fileEncoding = 4; lastKnownFileType = sourcecode.c.objc; path = LWProtocolManager.m; sourceTree = "<group>"; };
		69D8BCAE1DB608B6002C6D77 /* LWMediator+ModuleA.h */ = {isa = PBXFileReference; fileEncoding = 4; lastKnownFileType = sourcecode.c.h; path = "LWMediator+ModuleA.h"; sourceTree = "<group>"; };
		69D8BCAF1DB608B6002C6D77 /* LWMediator+ModuleA.m */ = {isa = PBXFileReference; fileEncoding = 4; lastKnownFileType = sourcecode.c.objc; path = "LWMediator+ModuleA.m"; sourceTree = "<group>"; };
		69D8BCB11DB60B3C002C6D77 /* ModuleA1ViewController.h */ = {isa = PBXFileReference; fileEncoding = 4; lastKnownFileType = sourcecode.c.h; path = ModuleA1ViewController.h; sourceTree = "<group>"; };
		69D8BCB21DB60B3C002C6D77 /* ModuleA1ViewController.m */ = {isa = PBXFileReference; fileEncoding = 4; lastKnownFileType = sourcecode.c.objc; path = ModuleA1ViewController.m; sourceTree = "<group>"; };
		69D8BCB31DB60B3C002C6D77 /* ModuleA1ViewController.xib */ = {isa = PBXFileReference; fileEncoding = 4; lastKnownFileType = file.xib; path = ModuleA1ViewController.xib; sourceTree = "<group>"; };
		69D8BCB61DB60B4B002C6D77 /* ModuleB1ViewController.h */ = {isa = PBXFileReference; fileEncoding = 4; lastKnownFileType = sourcecode.c.h; path = ModuleB1ViewController.h; sourceTree = "<group>"; };
		69D8BCB71DB60B4B002C6D77 /* ModuleB1ViewController.m */ = {isa = PBXFileReference; fileEncoding = 4; lastKnownFileType = sourcecode.c.objc; path = ModuleB1ViewController.m; sourceTree = "<group>"; };
		69D8BCB81DB60B4B002C6D77 /* ModuleB1ViewController.xib */ = {isa = PBXFileReference; fileEncoding = 4; lastKnownFileType = file.xib; path = ModuleB1ViewController.xib; sourceTree = "<group>"; };
		69D8BCBB1DB60B7D002C6D77 /* ModuleA1ViewControllerProtocol.h */ = {isa = PBXFileReference; fileEncoding = 4; lastKnownFileType = sourcecode.c.h; path = ModuleA1ViewControllerProtocol.h; sourceTree = "<group>"; };
		69D8BCBC1DB60B8D002C6D77 /* ModuleB1ViewControllerProtocol.h */ = {isa = PBXFileReference; fileEncoding = 4; lastKnownFileType = sourcecode.c.h; path = ModuleB1ViewControllerProtocol.h; sourceTree = "<group>"; };
		69D8BCBD1DB611FD002C6D77 /* LWMediator+ModuleB.h */ = {isa = PBXFileReference; fileEncoding = 4; lastKnownFileType = sourcecode.c.h; path = "LWMediator+ModuleB.h"; sourceTree = "<group>"; };
		69D8BCBE1DB611FD002C6D77 /* LWMediator+ModuleB.m */ = {isa = PBXFileReference; fileEncoding = 4; lastKnownFileType = sourcecode.c.objc; path = "LWMediator+ModuleB.m"; sourceTree = "<group>"; };
		69D8BCC11DB759A7002C6D77 /* LWAppDelegate.h */ = {isa = PBXFileReference; fileEncoding = 4; lastKnownFileType = sourcecode.c.h; path = LWAppDelegate.h; sourceTree = "<group>"; };
		69D8BCC21DB759A7002C6D77 /* LWAppDelegate.m */ = {isa = PBXFileReference; fileEncoding = 4; lastKnownFileType = sourcecode.c.objc; path = LWAppDelegate.m; sourceTree = "<group>"; };
		69D8BCC41DB75C77002C6D77 /* LWNotificationService.h */ = {isa = PBXFileReference; fileEncoding = 4; lastKnownFileType = sourcecode.c.h; path = LWNotificationService.h; sourceTree = "<group>"; };
		69D8BCC51DB75C77002C6D77 /* LWNotificationService.m */ = {isa = PBXFileReference; fileEncoding = 4; lastKnownFileType = sourcecode.c.objc; path = LWNotificationService.m; sourceTree = "<group>"; };
		69D8BCC71DB76483002C6D77 /* LWRootViewService.h */ = {isa = PBXFileReference; fileEncoding = 4; lastKnownFileType = sourcecode.c.h; path = LWRootViewService.h; sourceTree = "<group>"; };
		69D8BCC81DB76483002C6D77 /* LWRootViewService.m */ = {isa = PBXFileReference; fileEncoding = 4; lastKnownFileType = sourcecode.c.objc; path = LWRootViewService.m; sourceTree = "<group>"; };
		69D8BCCB1DBDFA15002C6D77 /* BeeHiveAppDelegate.h */ = {isa = PBXFileReference; fileEncoding = 4; lastKnownFileType = sourcecode.c.h; path = BeeHiveAppDelegate.h; sourceTree = "<group>"; };
		69D8BCCC1DBDFA15002C6D77 /* BeeHiveAppDelegate.m */ = {isa = PBXFileReference; fileEncoding = 4; lastKnownFileType = sourcecode.c.objc; path = BeeHiveAppDelegate.m; sourceTree = "<group>"; };
		69D8BCD01DBDFDBD002C6D77 /* RootServiceProtocol.h */ = {isa = PBXFileReference; lastKnownFileType = sourcecode.c.h; path = RootServiceProtocol.h; sourceTree = "<group>"; };
		69D8BCD11DBDFF27002C6D77 /* RootViewController.h */ = {isa = PBXFileReference; fileEncoding = 4; lastKnownFileType = sourcecode.c.h; path = RootViewController.h; sourceTree = "<group>"; };
		69D8BCD21DBDFF27002C6D77 /* RootViewController.m */ = {isa = PBXFileReference; fileEncoding = 4; lastKnownFileType = sourcecode.c.objc; path = RootViewController.m; sourceTree = "<group>"; };
		69D8BCD31DBDFF27002C6D77 /* RootViewController.xib */ = {isa = PBXFileReference; fileEncoding = 4; lastKnownFileType = file.xib; path = RootViewController.xib; sourceTree = "<group>"; };
		69D8BCD61DBE0079002C6D77 /* RootModule.h */ = {isa = PBXFileReference; fileEncoding = 4; lastKnownFileType = sourcecode.c.h; path = RootModule.h; sourceTree = "<group>"; };
		69D8BCD71DBE0079002C6D77 /* RootModule.m */ = {isa = PBXFileReference; fileEncoding = 4; lastKnownFileType = sourcecode.c.objc; path = RootModule.m; sourceTree = "<group>"; };
		7AD1CD904525AC0038987ED5 /* Pods-LWModuleDemo.debug.xcconfig */ = {isa = PBXFileReference; includeInIndex = 1; lastKnownFileType = text.xcconfig; name = "Pods-LWModuleDemo.debug.xcconfig"; path = "Pods/Target Support Files/Pods-LWModuleDemo/Pods-LWModuleDemo.debug.xcconfig"; sourceTree = "<group>"; };
		E68970C6D5C487AAC8C7D096 /* Pods-LWModuleDemo.release.xcconfig */ = {isa = PBXFileReference; includeInIndex = 1; lastKnownFileType = text.xcconfig; name = "Pods-LWModuleDemo.release.xcconfig"; path = "Pods/Target Support Files/Pods-LWModuleDemo/Pods-LWModuleDemo.release.xcconfig"; sourceTree = "<group>"; };
/* End PBXFileReference section */

/* Begin PBXFrameworksBuildPhase section */
		6926A0081DB5BC6F006E20B2 /* Frameworks */ = {
			isa = PBXFrameworksBuildPhase;
			buildActionMask = 2147483647;
			files = (
				E83892AECBCCB5B7445594C3 /* libPods-LWModuleDemo.a in Frameworks */,
			);
			runOnlyForDeploymentPostprocessing = 0;
		};
/* End PBXFrameworksBuildPhase section */

/* Begin PBXGroup section */
		1E91C146FA6A36BF39C003AD /* Frameworks */ = {
			isa = PBXGroup;
			children = (
				43E5BA24D42D809DAB3EA1C2 /* libPods-LWModuleDemo.a */,
			);
			name = Frameworks;
			sourceTree = "<group>";
		};
		6926A0021DB5BC6F006E20B2 = {
			isa = PBXGroup;
			children = (
				6926A00D1DB5BC6F006E20B2 /* LWModuleDemo */,
				6926A00C1DB5BC6F006E20B2 /* Products */,
				CDB3FEC6A7500F1B688CF611 /* Pods */,
				1E91C146FA6A36BF39C003AD /* Frameworks */,
			);
			sourceTree = "<group>";
		};
		6926A00C1DB5BC6F006E20B2 /* Products */ = {
			isa = PBXGroup;
			children = (
				6926A00B1DB5BC6F006E20B2 /* LWModuleDemo.app */,
			);
			name = Products;
			sourceTree = "<group>";
		};
		6926A00D1DB5BC6F006E20B2 /* LWModuleDemo */ = {
			isa = PBXGroup;
			children = (
				6926A0281DB5F121006E20B2 /* Mediator */,
				6926A02B1DB5F121006E20B2 /* Module */,
				6926A02C1DB5F121006E20B2 /* Protocol */,
				69D8BCC01DB7595F002C6D77 /* AppDelegate Service */,
				69D8BCCA1DBDF9D9002C6D77 /* BeeHive */,
				6926A0111DB5BC6F006E20B2 /* AppDelegate.h */,
				6926A0121DB5BC6F006E20B2 /* AppDelegate.m */,
				6926A0141DB5BC6F006E20B2 /* ViewController.h */,
				6926A0151DB5BC6F006E20B2 /* ViewController.m */,
				6926A0171DB5BC6F006E20B2 /* Main.storyboard */,
				6926A01A1DB5BC6F006E20B2 /* Assets.xcassets */,
				6926A01C1DB5BC6F006E20B2 /* LaunchScreen.storyboard */,
				6926A01F1DB5BC6F006E20B2 /* Info.plist */,
				6926A00E1DB5BC6F006E20B2 /* Supporting Files */,
			);
			path = LWModuleDemo;
			sourceTree = "<group>";
		};
		6926A00E1DB5BC6F006E20B2 /* Supporting Files */ = {
			isa = PBXGroup;
			children = (
				6926A00F1DB5BC6F006E20B2 /* main.m */,
			);
			name = "Supporting Files";
			sourceTree = "<group>";
		};
		6926A0281DB5F121006E20B2 /* Mediator */ = {
			isa = PBXGroup;
			children = (
				69D8BCA91DB60823002C6D77 /* MediatorCategory */,
				6926A0291DB5F121006E20B2 /* LWMediator.h */,
				6926A02A1DB5F121006E20B2 /* LWMediator.m */,
			);
			path = Mediator;
			sourceTree = "<group>";
		};
		6926A02B1DB5F121006E20B2 /* Module */ = {
			isa = PBXGroup;
			children = (
				69D8BCAA1DB60848002C6D77 /* ModuleA */,
				69D8BCAB1DB60848002C6D77 /* ModuleB */,
			);
			path = Module;
			sourceTree = "<group>";
		};
		6926A02C1DB5F121006E20B2 /* Protocol */ = {
			isa = PBXGroup;
			children = (
				69D8BCAC1DB6084F002C6D77 /* ModuleA */,
				69D8BCAD1DB6084F002C6D77 /* ModuleB */,
				6926A02E1DB5FD80006E20B2 /* LWProtocolManager.h */,
				6926A02F1DB5FD80006E20B2 /* LWProtocolManager.m */,
			);
			path = Protocol;
			sourceTree = "<group>";
		};
		69D8BCA91DB60823002C6D77 /* MediatorCategory */ = {
			isa = PBXGroup;
			children = (
				69D8BCAE1DB608B6002C6D77 /* LWMediator+ModuleA.h */,
				69D8BCAF1DB608B6002C6D77 /* LWMediator+ModuleA.m */,
				69D8BCBD1DB611FD002C6D77 /* LWMediator+ModuleB.h */,
				69D8BCBE1DB611FD002C6D77 /* LWMediator+ModuleB.m */,
			);
			path = MediatorCategory;
			sourceTree = "<group>";
		};
		69D8BCAA1DB60848002C6D77 /* ModuleA */ = {
			isa = PBXGroup;
			children = (
				69D8BCB11DB60B3C002C6D77 /* ModuleA1ViewController.h */,
				69D8BCB21DB60B3C002C6D77 /* ModuleA1ViewController.m */,
				69D8BCB31DB60B3C002C6D77 /* ModuleA1ViewController.xib */,
			);
			path = ModuleA;
			sourceTree = "<group>";
		};
		69D8BCAB1DB60848002C6D77 /* ModuleB */ = {
			isa = PBXGroup;
			children = (
				69D8BCB61DB60B4B002C6D77 /* ModuleB1ViewController.h */,
				69D8BCB71DB60B4B002C6D77 /* ModuleB1ViewController.m */,
				69D8BCB81DB60B4B002C6D77 /* ModuleB1ViewController.xib */,
			);
			path = ModuleB;
			sourceTree = "<group>";
		};
		69D8BCAC1DB6084F002C6D77 /* ModuleA */ = {
			isa = PBXGroup;
			children = (
				69D8BCBB1DB60B7D002C6D77 /* ModuleA1ViewControllerProtocol.h */,
			);
			path = ModuleA;
			sourceTree = "<group>";
		};
		69D8BCAD1DB6084F002C6D77 /* ModuleB */ = {
			isa = PBXGroup;
			children = (
				69D8BCBC1DB60B8D002C6D77 /* ModuleB1ViewControllerProtocol.h */,
			);
			path = ModuleB;
			sourceTree = "<group>";
		};
		69D8BCC01DB7595F002C6D77 /* AppDelegate Service */ = {
			isa = PBXGroup;
			children = (
				69D8BCC11DB759A7002C6D77 /* LWAppDelegate.h */,
				69D8BCC21DB759A7002C6D77 /* LWAppDelegate.m */,
				69D8BCC41DB75C77002C6D77 /* LWNotificationService.h */,
				69D8BCC51DB75C77002C6D77 /* LWNotificationService.m */,
				69D8BCC71DB76483002C6D77 /* LWRootViewService.h */,
				69D8BCC81DB76483002C6D77 /* LWRootViewService.m */,
			);
			path = "AppDelegate Service";
			sourceTree = "<group>";
		};
		69D8BCCA1DBDF9D9002C6D77 /* BeeHive */ = {
			isa = PBXGroup;
			children = (
				69D8BCCF1DBDFCB5002C6D77 /* Module */,
				69D8BCCE1DBDFCA2002C6D77 /* Protocol Services */,
				69D8BCCB1DBDFA15002C6D77 /* BeeHiveAppDelegate.h */,
				69D8BCCC1DBDFA15002C6D77 /* BeeHiveAppDelegate.m */,
			);
			path = BeeHive;
			sourceTree = "<group>";
		};
		69D8BCCE1DBDFCA2002C6D77 /* Protocol Services */ = {
			isa = PBXGroup;
			children = (
				69D8BCD01DBDFDBD002C6D77 /* RootServiceProtocol.h */,
			);
			name = "Protocol Services";
			sourceTree = "<group>";
		};
		69D8BCCF1DBDFCB5002C6D77 /* Module */ = {
			isa = PBXGroup;
			children = (
				69D8BCD11DBDFF27002C6D77 /* RootViewController.h */,
				69D8BCD21DBDFF27002C6D77 /* RootViewController.m */,
				69D8BCD31DBDFF27002C6D77 /* RootViewController.xib */,
				69D8BCD61DBE0079002C6D77 /* RootModule.h */,
				69D8BCD71DBE0079002C6D77 /* RootModule.m */,
			);
			name = Module;
			sourceTree = "<group>";
		};
		CDB3FEC6A7500F1B688CF611 /* Pods */ = {
			isa = PBXGroup;
			children = (
				7AD1CD904525AC0038987ED5 /* Pods-LWModuleDemo.debug.xcconfig */,
				E68970C6D5C487AAC8C7D096 /* Pods-LWModuleDemo.release.xcconfig */,
			);
			name = Pods;
			sourceTree = "<group>";
		};
/* End PBXGroup section */

/* Begin PBXNativeTarget section */
		6926A00A1DB5BC6F006E20B2 /* LWModuleDemo */ = {
			isa = PBXNativeTarget;
			buildConfigurationList = 6926A0221DB5BC6F006E20B2 /* Build configuration list for PBXNativeTarget "LWModuleDemo" */;
			buildPhases = (
				71A1C742479AF2DA7FE9CA54 /* Check Pods Manifest.lock */,
				6926A0071DB5BC6F006E20B2 /* Sources */,
				6926A0081DB5BC6F006E20B2 /* Frameworks */,
				6926A0091DB5BC6F006E20B2 /* Resources */,
				3EBDC939BF9068B5255401BD /* Copy Pods Resources */,
			);
			buildRules = (
			);
			dependencies = (
			);
			name = LWModuleDemo;
			productName = LWModuleDemo;
			productReference = 6926A00B1DB5BC6F006E20B2 /* LWModuleDemo.app */;
			productType = "com.apple.product-type.application";
		};
/* End PBXNativeTarget section */

/* Begin PBXProject section */
		6926A0031DB5BC6F006E20B2 /* Project object */ = {
			isa = PBXProject;
			attributes = {
				LastUpgradeCheck = 0800;
				ORGANIZATIONNAME = AloesLu;
				TargetAttributes = {
					6926A00A1DB5BC6F006E20B2 = {
						CreatedOnToolsVersion = 8.0;
						ProvisioningStyle = Automatic;
					};
				};
			};
			buildConfigurationList = 6926A0061DB5BC6F006E20B2 /* Build configuration list for PBXProject "LWModuleDemo" */;
			compatibilityVersion = "Xcode 3.2";
			developmentRegion = English;
			hasScannedForEncodings = 0;
			knownRegions = (
				en,
				Base,
			);
			mainGroup = 6926A0021DB5BC6F006E20B2;
			productRefGroup = 6926A00C1DB5BC6F006E20B2 /* Products */;
			projectDirPath = "";
			projectRoot = "";
			targets = (
				6926A00A1DB5BC6F006E20B2 /* LWModuleDemo */,
			);
		};
/* End PBXProject section */

/* Begin PBXResourcesBuildPhase section */
		6926A0091DB5BC6F006E20B2 /* Resources */ = {
			isa = PBXResourcesBuildPhase;
			buildActionMask = 2147483647;
			files = (
				6926A01E1DB5BC6F006E20B2 /* LaunchScreen.storyboard in Resources */,
				6926A01B1DB5BC6F006E20B2 /* Assets.xcassets in Resources */,
				69D8BCD51DBDFF27002C6D77 /* RootViewController.xib in Resources */,
				69D8BCB51DB60B3C002C6D77 /* ModuleA1ViewController.xib in Resources */,
				69D8BCBA1DB60B4B002C6D77 /* ModuleB1ViewController.xib in Resources */,
				6926A0191DB5BC6F006E20B2 /* Main.storyboard in Resources */,
			);
			runOnlyForDeploymentPostprocessing = 0;
		};
/* End PBXResourcesBuildPhase section */

/* Begin PBXShellScriptBuildPhase section */
		3EBDC939BF9068B5255401BD /* Copy Pods Resources */ = {
			isa = PBXShellScriptBuildPhase;
			buildActionMask = 2147483647;
			files = (
			);
			inputPaths = (
			);
			name = "Copy Pods Resources";
			outputPaths = (
			);
			runOnlyForDeploymentPostprocessing = 0;
			shellPath = /bin/sh;
			shellScript = "\"${SRCROOT}/Pods/Target Support Files/Pods-LWModuleDemo/Pods-LWModuleDemo-resources.sh\"\n";
			showEnvVarsInLog = 0;
		};
		71A1C742479AF2DA7FE9CA54 /* Check Pods Manifest.lock */ = {
			isa = PBXShellScriptBuildPhase;
			buildActionMask = 2147483647;
			files = (
			);
			inputPaths = (
			);
			name = "Check Pods Manifest.lock";
			outputPaths = (
			);
			runOnlyForDeploymentPostprocessing = 0;
			shellPath = /bin/sh;
			shellScript = "diff \"${PODS_ROOT}/../Podfile.lock\" \"${PODS_ROOT}/Manifest.lock\" > /dev/null\nif [[ $? != 0 ]] ; then\n    cat << EOM\nerror: The sandbox is not in sync with the Podfile.lock. Run 'pod install' or update your CocoaPods installation.\nEOM\n    exit 1\nfi\n";
			showEnvVarsInLog = 0;
		};
/* End PBXShellScriptBuildPhase section */

/* Begin PBXSourcesBuildPhase section */
		6926A0071DB5BC6F006E20B2 /* Sources */ = {
			isa = PBXSourcesBuildPhase;
			buildActionMask = 2147483647;
			files = (
				69D8BCBF1DB611FD002C6D77 /* LWMediator+ModuleB.m in Sources */,
				6926A0161DB5BC6F006E20B2 /* ViewController.m in Sources */,
				69D8BCB01DB608B6002C6D77 /* LWMediator+ModuleA.m in Sources */,
				69D8BCD81DBE0079002C6D77 /* RootModule.m in Sources */,
				69D8BCC31DB759A7002C6D77 /* LWAppDelegate.m in Sources */,
				69D8BCCD1DBDFA15002C6D77 /* BeeHiveAppDelegate.m in Sources */,
				6926A0131DB5BC6F006E20B2 /* AppDelegate.m in Sources */,
				69D8BCB91DB60B4B002C6D77 /* ModuleB1ViewController.m in Sources */,
				6926A0101DB5BC6F006E20B2 /* main.m in Sources */,
				69D8BCD41DBDFF27002C6D77 /* RootViewController.m in Sources */,
				6926A02D1DB5F121006E20B2 /* LWMediator.m in Sources */,
				6926A0301DB5FD80006E20B2 /* LWProtocolManager.m in Sources */,
				69D8BCC91DB76483002C6D77 /* LWRootViewService.m in Sources */,
				69D8BCB41DB60B3C002C6D77 /* ModuleA1ViewController.m in Sources */,
				69D8BCC61DB75C77002C6D77 /* LWNotificationService.m in Sources */,
			);
			runOnlyForDeploymentPostprocessing = 0;
		};
/* End PBXSourcesBuildPhase section */

/* Begin PBXVariantGroup section */
		6926A0171DB5BC6F006E20B2 /* Main.storyboard */ = {
			isa = PBXVariantGroup;
			children = (
				6926A0181DB5BC6F006E20B2 /* Base */,
			);
			name = Main.storyboard;
			sourceTree = "<group>";
		};
		6926A01C1DB5BC6F006E20B2 /* LaunchScreen.storyboard */ = {
			isa = PBXVariantGroup;
			children = (
				6926A01D1DB5BC6F006E20B2 /* Base */,
			);
			name = LaunchScreen.storyboard;
			sourceTree = "<group>";
		};
/* End PBXVariantGroup section */

/* Begin XCBuildConfiguration section */
		6926A0201DB5BC6F006E20B2 /* Debug */ = {
			isa = XCBuildConfiguration;
			buildSettings = {
				ALWAYS_SEARCH_USER_PATHS = NO;
				CLANG_ANALYZER_NONNULL = YES;
				CLANG_CXX_LANGUAGE_STANDARD = "gnu++0x";
				CLANG_CXX_LIBRARY = "libc++";
				CLANG_ENABLE_MODULES = YES;
				CLANG_ENABLE_OBJC_ARC = YES;
				CLANG_WARN_BOOL_CONVERSION = YES;
				CLANG_WARN_CONSTANT_CONVERSION = YES;
				CLANG_WARN_DIRECT_OBJC_ISA_USAGE = YES_ERROR;
				CLANG_WARN_DOCUMENTATION_COMMENTS = YES;
				CLANG_WARN_EMPTY_BODY = YES;
				CLANG_WARN_ENUM_CONVERSION = YES;
				CLANG_WARN_INFINITE_RECURSION = YES;
				CLANG_WARN_INT_CONVERSION = YES;
				CLANG_WARN_OBJC_ROOT_CLASS = YES_ERROR;
				CLANG_WARN_SUSPICIOUS_MOVES = YES;
				CLANG_WARN_UNREACHABLE_CODE = YES;
				CLANG_WARN__DUPLICATE_METHOD_MATCH = YES;
				"CODE_SIGN_IDENTITY[sdk=iphoneos*]" = "iPhone Developer";
				COPY_PHASE_STRIP = NO;
				DEBUG_INFORMATION_FORMAT = dwarf;
				ENABLE_STRICT_OBJC_MSGSEND = YES;
				ENABLE_TESTABILITY = YES;
				GCC_C_LANGUAGE_STANDARD = gnu99;
				GCC_DYNAMIC_NO_PIC = NO;
				GCC_NO_COMMON_BLOCKS = YES;
				GCC_OPTIMIZATION_LEVEL = 0;
				GCC_PREPROCESSOR_DEFINITIONS = (
					"DEBUG=1",
					"$(inherited)",
				);
				GCC_WARN_64_TO_32_BIT_CONVERSION = YES;
				GCC_WARN_ABOUT_RETURN_TYPE = YES_ERROR;
				GCC_WARN_UNDECLARED_SELECTOR = YES;
				GCC_WARN_UNINITIALIZED_AUTOS = YES_AGGRESSIVE;
				GCC_WARN_UNUSED_FUNCTION = YES;
				GCC_WARN_UNUSED_VARIABLE = YES;
				IPHONEOS_DEPLOYMENT_TARGET = 10.0;
				MTL_ENABLE_DEBUG_INFO = YES;
				ONLY_ACTIVE_ARCH = YES;
				SDKROOT = iphoneos;
			};
			name = Debug;
		};
		6926A0211DB5BC6F006E20B2 /* Release */ = {
			isa = XCBuildConfiguration;
			buildSettings = {
				ALWAYS_SEARCH_USER_PATHS = NO;
				CLANG_ANALYZER_NONNULL = YES;
				CLANG_CXX_LANGUAGE_STANDARD = "gnu++0x";
				CLANG_CXX_LIBRARY = "libc++";
				CLANG_ENABLE_MODULES = YES;
				CLANG_ENABLE_OBJC_ARC = YES;
				CLANG_WARN_BOOL_CONVERSION = YES;
				CLANG_WARN_CONSTANT_CONVERSION = YES;
				CLANG_WARN_DIRECT_OBJC_ISA_USAGE = YES_ERROR;
				CLANG_WARN_DOCUMENTATION_COMMENTS = YES;
				CLANG_WARN_EMPTY_BODY = YES;
				CLANG_WARN_ENUM_CONVERSION = YES;
				CLANG_WARN_INFINITE_RECURSION = YES;
				CLANG_WARN_INT_CONVERSION = YES;
				CLANG_WARN_OBJC_ROOT_CLASS = YES_ERROR;
				CLANG_WARN_SUSPICIOUS_MOVES = YES;
				CLANG_WARN_UNREACHABLE_CODE = YES;
				CLANG_WARN__DUPLICATE_METHOD_MATCH = YES;
				"CODE_SIGN_IDENTITY[sdk=iphoneos*]" = "iPhone Developer";
				COPY_PHASE_STRIP = NO;
				DEBUG_INFORMATION_FORMAT = "dwarf-with-dsym";
				ENABLE_NS_ASSERTIONS = NO;
				ENABLE_STRICT_OBJC_MSGSEND = YES;
				GCC_C_LANGUAGE_STANDARD = gnu99;
				GCC_NO_COMMON_BLOCKS = YES;
				GCC_WARN_64_TO_32_BIT_CONVERSION = YES;
				GCC_WARN_ABOUT_RETURN_TYPE = YES_ERROR;
				GCC_WARN_UNDECLARED_SELECTOR = YES;
				GCC_WARN_UNINITIALIZED_AUTOS = YES_AGGRESSIVE;
				GCC_WARN_UNUSED_FUNCTION = YES;
				GCC_WARN_UNUSED_VARIABLE = YES;
				IPHONEOS_DEPLOYMENT_TARGET = 10.0;
				MTL_ENABLE_DEBUG_INFO = NO;
				SDKROOT = iphoneos;
				VALIDATE_PRODUCT = YES;
			};
			name = Release;
		};
		6926A0231DB5BC6F006E20B2 /* Debug */ = {
			isa = XCBuildConfiguration;
			baseConfigurationReference = 7AD1CD904525AC0038987ED5 /* Pods-LWModuleDemo.debug.xcconfig */;
			buildSettings = {
				ASSETCATALOG_COMPILER_APPICON_NAME = AppIcon;
				INFOPLIST_FILE = LWModuleDemo/Info.plist;
				IPHONEOS_DEPLOYMENT_TARGET = 9.3;
				LD_RUNPATH_SEARCH_PATHS = "$(inherited) @executable_path/Frameworks";
				PRODUCT_BUNDLE_IDENTIFIER = com.aloes.LWModuleDemo;
				PRODUCT_NAME = "$(TARGET_NAME)";
			};
			name = Debug;
		};
		6926A0241DB5BC6F006E20B2 /* Release */ = {
			isa = XCBuildConfiguration;
			baseConfigurationReference = E68970C6D5C487AAC8C7D096 /* Pods-LWModuleDemo.release.xcconfig */;
			buildSettings = {
				ASSETCATALOG_COMPILER_APPICON_NAME = AppIcon;
				INFOPLIST_FILE = LWModuleDemo/Info.plist;
				IPHONEOS_DEPLOYMENT_TARGET = 9.3;
				LD_RUNPATH_SEARCH_PATHS = "$(inherited) @executable_path/Frameworks";
				PRODUCT_BUNDLE_IDENTIFIER = com.aloes.LWModuleDemo;
				PRODUCT_NAME = "$(TARGET_NAME)";
			};
			name = Release;
		};
/* End XCBuildConfiguration section */

/* Begin XCConfigurationList section */
		6926A0061DB5BC6F006E20B2 /* Build configuration list for PBXProject "LWModuleDemo" */ = {
			isa = XCConfigurationList;
			buildConfigurations = (
				6926A0201DB5BC6F006E20B2 /* Debug */,
				6926A0211DB5BC6F006E20B2 /* Release */,
			);
			defaultConfigurationIsVisible = 0;
			defaultConfigurationName = Release;
		};
		6926A0221DB5BC6F006E20B2 /* Build configuration list for PBXNativeTarget "LWModuleDemo" */ = {
			isa = XCConfigurationList;
			buildConfigurations = (
				6926A0231DB5BC6F006E20B2 /* Debug */,
				6926A0241DB5BC6F006E20B2 /* Release */,
			);
			defaultConfigurationIsVisible = 0;
			defaultConfigurationName = Release;
		};
/* End XCConfigurationList section */
	};
	rootObject = 6926A0031DB5BC6F006E20B2 /* Project object */;
}
